
Microsoft Visual Studio Solution File, Format Version 12.00
# Visual Studio 2013
VisualStudioVersion = 12.0.40629.0
MinimumVisualStudioVersion = 10.0.40219.1
Project("{FAE04EC0-301F-11D3-BF4B-00C04F79EFBC}") = "TestApp", "TestApp\TestApp.csproj", "{FEDBC211-287E-4D64-B111-594D1CB7C54B}"
EndProject
Project("{FAE04EC0-301F-11D3-BF4B-00C04F79EFBC}") = "NLog.Targets.Gelf", "NLog.Target.Gelf\NLog.Targets.Gelf.csproj", "{9F3F89E0-9ADA-4400-A7EA-EAFFFEE82903}"
EndProject
Project("{2150E333-8FDC-42A3-9474-1A3956D46DE8}") = ".nuget", ".nuget", "{E935AE29-A9AB-4260-9D09-18C9BD1D029C}"
	ProjectSection(SolutionItems) = preProject
		.nuget\NuGet.Config = .nuget\NuGet.Config
		.nuget\NuGet.exe = .nuget\NuGet.exe
		.nuget\NuGet.targets = .nuget\NuGet.targets
	EndProjectSection
EndProject
Global
	GlobalSection(SolutionConfigurationPlatforms) = preSolution
		Debug|Any CPU = Debug|Any CPU
		Debug|Mixed Platforms = Debug|Mixed Platforms
		Debug|x86 = Debug|x86
		Release|Any CPU = Release|Any CPU
		Release|Mixed Platforms = Release|Mixed Platforms
		Release|x86 = Release|x86
	EndGlobalSection
	GlobalSection(ProjectConfigurationPlatforms) = postSolution
		{FEDBC211-287E-4D64-B111-594D1CB7C54B}.Debug|Any CPU.ActiveCfg = Debug|x86
		{FEDBC211-287E-4D64-B111-594D1CB7C54B}.Debug|Mixed Platforms.ActiveCfg = Debug|x86
		{FEDBC211-287E-4D64-B111-594D1CB7C54B}.Debug|Mixed Platforms.Build.0 = Debug|x86
		{FEDBC211-287E-4D64-B111-594D1CB7C54B}.Debug|x86.ActiveCfg = Debug|x86
		{FEDBC211-287E-4D64-B111-594D1CB7C54B}.Debug|x86.Build.0 = Debug|x86
		{FEDBC211-287E-4D64-B111-594D1CB7C54B}.Release|Any CPU.ActiveCfg = Release|x86
		{FEDBC211-287E-4D64-B111-594D1CB7C54B}.Release|Mixed Platforms.ActiveCfg = Release|x86
		{FEDBC211-287E-4D64-B111-594D1CB7C54B}.Release|Mixed Platforms.Build.0 = Release|x86
		{FEDBC211-287E-4D64-B111-594D1CB7C54B}.Release|x86.ActiveCfg = Release|x86
		{FEDBC211-287E-4D64-B111-594D1CB7C54B}.Release|x86.Build.0 = Release|x86
		{9F3F89E0-9ADA-4400-A7EA-EAFFFEE82903}.Debug|Any CPU.ActiveCfg = Debug|Any CPU
		{9F3F89E0-9ADA-4400-A7EA-EAFFFEE82903}.Debug|Any CPU.Build.0 = Debug|Any CPU
		{9F3F89E0-9ADA-4400-A7EA-EAFFFEE82903}.Debug|Mixed Platforms.ActiveCfg = Debug|Any CPU
		{9F3F89E0-9ADA-4400-A7EA-EAFFFEE82903}.Debug|Mixed Platforms.Build.0 = Debug|Any CPU
		{9F3F89E0-9ADA-4400-A7EA-EAFFFEE82903}.Debug|x86.ActiveCfg = Debug|Any CPU
		{9F3F89E0-9ADA-4400-A7EA-EAFFFEE82903}.Release|Any CPU.ActiveCfg = Release|Any CPU
		{9F3F89E0-9ADA-4400-A7EA-EAFFFEE82903}.Release|Any CPU.Build.0 = Release|Any CPU
		{9F3F89E0-9ADA-4400-A7EA-EAFFFEE82903}.Release|Mixed Platforms.ActiveCfg = Release|Any CPU
		{9F3F89E0-9ADA-4400-A7EA-EAFFFEE82903}.Release|Mixed Platforms.Build.0 = Release|Any CPU
		{9F3F89E0-9ADA-4400-A7EA-EAFFFEE82903}.Release|x86.ActiveCfg = Release|Any CPU
	EndGlobalSection
	GlobalSection(SolutionProperties) = preSolution
		HideSolutionNode = FALSE
	EndGlobalSection
EndGlobal
